
Microsoft Visual Studio Solution File, Format Version 12.00
# Visual Studio 15
VisualStudioVersion = 15.0.26730.12
MinimumVisualStudioVersion = 10.0.40219.1
Project("{FAE04EC0-301F-11D3-BF4B-00C04F79EFBC}") = "data_structures_group", "data_structures_group\data_structures_group.csproj", "{1140D2CB-2FC6-4D8E-95FB-872B04323393}"
EndProject
Project("{FAE04EC0-301F-11D3-BF4B-00C04F79EFBC}") = "SoccerTourneyMoody", "..\SoccerTourneyMoody\SoccerTourneyMoody\SoccerTourneyMoody.csproj", "{BD69DCE9-FD79-4C7D-936A-1BB29369FF3A}"
EndProject
Project("{FAE04EC0-301F-11D3-BF4B-00C04F79EFBC}") = "Data Structures Basics", "..\Data Structures Basics\Data Structures Basics\Data Structures Basics.csproj", "{C7796F16-155B-49E6-9DC8-31DCF30F6638}"
EndProject
Project("{FAE04EC0-301F-11D3-BF4B-00C04F79EFBC}") = "Data_Structures_Assignment", "..\..\Data_Structures_Assignment\Data_Structures_Assignment\Data_Structures_Assignment.csproj", "{35D74011-6135-4931-97F4-DE195ED1FF0D}"
EndProject
Global
	GlobalSection(SolutionConfigurationPlatforms) = preSolution
		Debug|Any CPU = Debug|Any CPU
		Release|Any CPU = Release|Any CPU
	EndGlobalSection
	GlobalSection(ProjectConfigurationPlatforms) = postSolution
		{1140D2CB-2FC6-4D8E-95FB-872B04323393}.Debug|Any CPU.ActiveCfg = Debug|Any CPU
		{1140D2CB-2FC6-4D8E-95FB-872B04323393}.Debug|Any CPU.Build.0 = Debug|Any CPU
		{1140D2CB-2FC6-4D8E-95FB-872B04323393}.Release|Any CPU.ActiveCfg = Release|Any CPU
		{1140D2CB-2FC6-4D8E-95FB-872B04323393}.Release|Any CPU.Build.0 = Release|Any CPU
		{BD69DCE9-FD79-4C7D-936A-1BB29369FF3A}.Debug|Any CPU.ActiveCfg = Debug|Any CPU
		{BD69DCE9-FD79-4C7D-936A-1BB29369FF3A}.Debug|Any CPU.Build.0 = Debug|Any CPU
		{BD69DCE9-FD79-4C7D-936A-1BB29369FF3A}.Release|Any CPU.ActiveCfg = Release|Any CPU
		{BD69DCE9-FD79-4C7D-936A-1BB29369FF3A}.Release|Any CPU.Build.0 = Release|Any CPU
		{C7796F16-155B-49E6-9DC8-31DCF30F6638}.Debug|Any CPU.ActiveCfg = Debug|Any CPU
		{C7796F16-155B-49E6-9DC8-31DCF30F6638}.Debug|Any CPU.Build.0 = Debug|Any CPU
		{C7796F16-155B-49E6-9DC8-31DCF30F6638}.Release|Any CPU.ActiveCfg = Release|Any CPU
		{C7796F16-155B-49E6-9DC8-31DCF30F6638}.Release|Any CPU.Build.0 = Release|Any CPU
		{35D74011-6135-4931-97F4-DE195ED1FF0D}.Debug|Any CPU.ActiveCfg = Debug|Any CPU
		{35D74011-6135-4931-97F4-DE195ED1FF0D}.Debug|Any CPU.Build.0 = Debug|Any CPU
		{35D74011-6135-4931-97F4-DE195ED1FF0D}.Release|Any CPU.ActiveCfg = Release|Any CPU
		{35D74011-6135-4931-97F4-DE195ED1FF0D}.Release|Any CPU.Build.0 = Release|Any CPU
	EndGlobalSection
	GlobalSection(SolutionProperties) = preSolution
		HideSolutionNode = FALSE
	EndGlobalSection
	GlobalSection(ExtensibilityGlobals) = postSolution
		SolutionGuid = {22850F68-8239-43EE-80B0-EBE97F708A99}
	EndGlobalSection
EndGlobal
